
Microsoft Visual Studio Solution File, Format Version 12.00
# Visual Studio Version 17
VisualStudioVersion = 17.11.35222.181
MinimumVisualStudioVersion = 10.0.40219.1
Project("{FAE04EC0-301F-11D3-BF4B-00C04F79EFBC}") = "Account", "Account.csproj", "{3CBF2A42-0553-4B7C-8688-D7005D4FDAEC}"
EndProject
Global
	GlobalSection(SolutionConfigurationPlatforms) = preSolution
		Debug|Any CPU = Debug|Any CPU
		Release|Any CPU = Release|Any CPU
	EndGlobalSection
	GlobalSection(ProjectConfigurationPlatforms) = postSolution
		{3CBF2A42-0553-4B7C-8688-D7005D4FDAEC}.Debug|Any CPU.ActiveCfg = Debug|Any CPU
		{3CBF2A42-0553-4B7C-8688-D7005D4FDAEC}.Debug|Any CPU.Build.0 = Debug|Any CPU
		{3CBF2A42-0553-4B7C-8688-D7005D4FDAEC}.Release|Any CPU.ActiveCfg = Release|Any CPU
		{3CBF2A42-0553-4B7C-8688-D7005D4FDAEC}.Release|Any CPU.Build.0 = Release|Any CPU
	EndGlobalSection
	GlobalSection(SolutionProperties) = preSolution
		HideSolutionNode = FALSE
	EndGlobalSection
	GlobalSection(ExtensibilityGlobals) = postSolution
		SolutionGuid = {0D281624-3BE9-4998-810E-3E3B41C75070}
	EndGlobalSection
EndGlobal
